PODS:
  - file_picker_darwin (1.0.0):
    - Flutter
    - FlutterMacOS
  - Flutter (1.0.0)
  - integration_test (0.0.1):
    - Flutter

DEPENDENCIES:
  - file_picker_darwin (from `.symlinks/plugins/file_picker_darwin/darwin`)
  - Flutter (from `Flutter`)
  - integration_test (from `.symlinks/plugins/integration_test/ios`)

EXTERNAL SOURCES:
  file_picker_darwin:
    :path: ".symlinks/plugins/file_picker_darwin/darwin"
  Flutter:
    :path: Flutter
  integration_test:
    :path: ".symlinks/plugins/integration_test/ios"

SPEC CHECKSUMS:
  file_picker_darwin: 27e043831d68462d54f1c40e724b1f53c9d1e8be
  Flutter: cabc95a1d2626b1b06e7179b784ebcf0c0cde467
  integration_test: 252f60fa39af5e17c3aa9899d35d908a0721b573

PODFILE CHECKSUM: 9580a49fa2c095d51100c20f258df867100b916b

COCOAPODS: 1.16.2
